
Microsoft Visual Studio Solution File, Format Version 12.00
# Visual Studio Version 16
VisualStudioVersion = 16.0.31025.194
MinimumVisualStudioVersion = 10.0.40219.1
Project("{FAE04EC0-301F-11D3-BF4B-00C04F79EFBC}") = "Q-DDOS GUI", "Q-DDOS GUI\Q-DDOS GUI.csproj", "{7A3781DA-692F-426B-A863-F6C6D3E17A34}"
EndProject
Global
	GlobalSection(SolutionConfigurationPlatforms) = preSolution
		Debug|Any CPU = Debug|Any CPU
		Release|Any CPU = Release|Any CPU
	EndGlobalSection
	GlobalSection(ProjectConfigurationPlatforms) = postSolution
		{7A3781DA-692F-426B-A863-F6C6D3E17A34}.Debug|Any CPU.ActiveCfg = Debug|Any CPU
		{7A3781DA-692F-426B-A863-F6C6D3E17A34}.Debug|Any CPU.Build.0 = Debug|Any CPU
		{7A3781DA-692F-426B-A863-F6C6D3E17A34}.Release|Any CPU.ActiveCfg = Release|Any CPU
		{7A3781DA-692F-426B-A863-F6C6D3E17A34}.Release|Any CPU.Build.0 = Release|Any CPU
	EndGlobalSection
	GlobalSection(SolutionProperties) = preSolution
		HideSolutionNode = FALSE
	EndGlobalSection
	GlobalSection(ExtensibilityGlobals) = postSolution
		SolutionGuid = {0BCE87F4-683F-4D59-99BA-6EBBFB6FB3B8}
	EndGlobalSection
EndGlobal
